
Microsoft Visual Studio Solution File, Format Version 12.00
# Visual Studio 2012
Project("{FAE04EC0-301F-11D3-BF4B-00C04F79EFBC}") = "Sharpminds.Website", "Sharpminds.Website\Sharpminds.Website.csproj", "{1AB9623D-09D1-4202-A7AC-85FE18DFEF37}"
EndProject
Project("{2150E333-8FDC-42A3-9474-1A3956D46DE8}") = ".nuget", ".nuget", "{F04155E4-0F85-4223-968C-E60C3BC01D3D}"
	ProjectSection(SolutionItems) = preProject
		.nuget\NuGet.Config = .nuget\NuGet.Config
		.nuget\NuGet.exe = .nuget\NuGet.exe
		.nuget\NuGet.targets = .nuget\NuGet.targets
	EndProjectSection
EndProject
Global
	GlobalSection(SolutionConfigurationPlatforms) = preSolution
		Debug|Any CPU = Debug|Any CPU
		Release|Any CPU = Release|Any CPU
	EndGlobalSection
	GlobalSection(ProjectConfigurationPlatforms) = postSolution
		{1AB9623D-09D1-4202-A7AC-85FE18DFEF37}.Debug|Any CPU.ActiveCfg = Debug|Any CPU
		{1AB9623D-09D1-4202-A7AC-85FE18DFEF37}.Debug|Any CPU.Build.0 = Debug|Any CPU
		{1AB9623D-09D1-4202-A7AC-85FE18DFEF37}.Release|Any CPU.ActiveCfg = Release|Any CPU
		{1AB9623D-09D1-4202-A7AC-85FE18DFEF37}.Release|Any CPU.Build.0 = Release|Any CPU
	EndGlobalSection
	GlobalSection(SolutionProperties) = preSolution
		HideSolutionNode = FALSE
	EndGlobalSection
EndGlobal
